
Microsoft Visual Studio Solution File, Format Version 12.00
# Visual Studio Version 16
VisualStudioVersion = 16.0.31613.86
MinimumVisualStudioVersion = 10.0.40219.1
Project("{FAE04EC0-301F-11D3-BF4B-00C04F79EFBC}") = "MotorbikeSound", "MotorbikeSound\MotorbikeSound.csproj", "{F3A4E1DE-2495-473E-AE9A-D5F5FC93E466}"
EndProject
Global
	GlobalSection(SolutionConfigurationPlatforms) = preSolution
		Debug|Any CPU = Debug|Any CPU
		Release|Any CPU = Release|Any CPU
	EndGlobalSection
	GlobalSection(ProjectConfigurationPlatforms) = postSolution
		{F3A4E1DE-2495-473E-AE9A-D5F5FC93E466}.Debug|Any CPU.ActiveCfg = Debug|Any CPU
		{F3A4E1DE-2495-473E-AE9A-D5F5FC93E466}.Debug|Any CPU.Build.0 = Debug|Any CPU
		{F3A4E1DE-2495-473E-AE9A-D5F5FC93E466}.Release|Any CPU.ActiveCfg = Release|Any CPU
		{F3A4E1DE-2495-473E-AE9A-D5F5FC93E466}.Release|Any CPU.Build.0 = Release|Any CPU
	EndGlobalSection
	GlobalSection(SolutionProperties) = preSolution
		HideSolutionNode = FALSE
	EndGlobalSection
	GlobalSection(ExtensibilityGlobals) = postSolution
		SolutionGuid = {A4A8C938-F369-4EFE-B409-D2FB939010D5}
	EndGlobalSection
EndGlobal
